
Microsoft Visual Studio Solution File, Format Version 12.00
# Visual Studio Version 16
VisualStudioVersion = 16.0.33927.289
MinimumVisualStudioVersion = 10.0.40219.1
Project("{2150E333-8FDC-42A3-9474-1A3956D46DE8}") = "Task0", "Task0", "{E3292F76-54E0-4101-9E3B-B418684E2740}"
EndProject
Project("{FAE04EC0-301F-11D3-BF4B-00C04F79EFBC}") = "Tyuiu.RakhmatullinKK.Sprint0.Task0.V0", "Tyuiu.RakhmatullinKK.Sprint0.Task0.V0\Tyuiu.RakhmatullinKK.Sprint0.Task0.V0.csproj", "{5C4BB543-1DB6-44EB-8943-C3ABA66844FD}"
EndProject
Global
	GlobalSection(SolutionConfigurationPlatforms) = preSolution
		Debug|Any CPU = Debug|Any CPU
		Release|Any CPU = Release|Any CPU
	EndGlobalSection
	GlobalSection(ProjectConfigurationPlatforms) = postSolution
		{5C4BB543-1DB6-44EB-8943-C3ABA66844FD}.Debug|Any CPU.ActiveCfg = Debug|Any CPU
		{5C4BB543-1DB6-44EB-8943-C3ABA66844FD}.Debug|Any CPU.Build.0 = Debug|Any CPU
		{5C4BB543-1DB6-44EB-8943-C3ABA66844FD}.Release|Any CPU.ActiveCfg = Release|Any CPU
		{5C4BB543-1DB6-44EB-8943-C3ABA66844FD}.Release|Any CPU.Build.0 = Release|Any CPU
	EndGlobalSection
	GlobalSection(SolutionProperties) = preSolution
		HideSolutionNode = FALSE
	EndGlobalSection
	GlobalSection(NestedProjects) = preSolution
		{5C4BB543-1DB6-44EB-8943-C3ABA66844FD} = {E3292F76-54E0-4101-9E3B-B418684E2740}
	EndGlobalSection
	GlobalSection(ExtensibilityGlobals) = postSolution
		SolutionGuid = {B4B30487-4639-43E3-B8AB-061BC9981760}
	EndGlobalSection
EndGlobal
