
Microsoft Visual Studio Solution File, Format Version 12.00
# Visual Studio Version 16
VisualStudioVersion = 16.0.33927.289
MinimumVisualStudioVersion = 10.0.40219.1
Project("{2150E333-8FDC-42A3-9474-1A3956D46DE8}") = "Task0", "Task0", "{E3292F76-54E0-4101-9E3B-B418684E2740}"
EndProject
Project("{FAE04EC0-301F-11D3-BF4B-00C04F79EFBC}") = "Tyuiu.RakhmatullinKK.Sprint0.Task0.V0", "Tyuiu.RakhmatullinKK.Sprint0.Task0.V0\Tyuiu.RakhmatullinKK.Sprint0.Task0.V0.csproj", "{5C4BB543-1DB6-44EB-8943-C3ABA66844FD}"
EndProject
Project("{2150E333-8FDC-42A3-9474-1A3956D46DE8}") = "Task1", "Task1", "{4D4F1BC9-5825-4EB4-81F7-83DEF0DF0CB9}"
EndProject
Project("{FAE04EC0-301F-11D3-BF4B-00C04F79EFBC}") = "Tyuiu.RakhmatullinKK.Sprint0.Task1.V0", "Tyuiu.RakhmatullinKK.Sprint0.Task1.V0\Tyuiu.RakhmatullinKK.Sprint0.Task1.V0.csproj", "{3622BD82-B287-47EC-B0C4-5C4D2F930D1A}"
EndProject
Project("{2150E333-8FDC-42A3-9474-1A3956D46DE8}") = "Task2", "Task2", "{1E0E77F2-9D58-47C5-9E03-5F084382C735}"
EndProject
Project("{FAE04EC0-301F-11D3-BF4B-00C04F79EFBC}") = "Tyuiu.RakhmatullinKK.Sprint0.Task2.V0.Lib", "Tyuiu.RakhmatullinKK.Sprint0.Task2.V0.Lib\Tyuiu.RakhmatullinKK.Sprint0.Task2.V0.Lib.csproj", "{B5B22840-B7F0-4A58-8193-1ACAF0B08FDF}"
EndProject
Project("{FAE04EC0-301F-11D3-BF4B-00C04F79EFBC}") = "Tyuiu.RakhmatullinKK.Sprint0.Task2.V0", "Tyuiu.RakhmatullinKK.Sprint0.Task2.V0\Tyuiu.RakhmatullinKK.Sprint0.Task2.V0.csproj", "{A07D1873-B3FB-421C-950C-069BBE94ACB7}"
EndProject
Project("{FAE04EC0-301F-11D3-BF4B-00C04F79EFBC}") = "Tyuiu.RakhmatullinKK.Sprint0.Task2.V0.Test", "Tyuiu.RakhmatullinKK.Sprint0.Task2.V0.Test\Tyuiu.RakhmatullinKK.Sprint0.Task2.V0.Test.csproj", "{1363E089-747A-4764-B024-FEEEA1C31EA5}"
EndProject
Project("{2150E333-8FDC-42A3-9474-1A3956D46DE8}") = "Task3", "Task3", "{7FB58B97-F453-43C5-80D7-D3750891D8AA}"
EndProject
Project("{FAE04EC0-301F-11D3-BF4B-00C04F79EFBC}") = "Tyuiu.RakhmatullinKK.Sprint0.Task3.V0.Lib", "Tyuiu.RakhmatullinKK.Sprint0.Task3.V0.Lib\Tyuiu.RakhmatullinKK.Sprint0.Task3.V0.Lib.csproj", "{4DEA6DFB-3092-4248-8FDA-C786DB75B836}"
EndProject
Project("{FAE04EC0-301F-11D3-BF4B-00C04F79EFBC}") = "Tyuiu.RakhmatullinKK.Sprint0.Task3.V0.Test", "Tyuiu.RakhmatullinKK.Sprint0.Task3.V0.Test\Tyuiu.RakhmatullinKK.Sprint0.Task3.V0.Test.csproj", "{F07FA359-BF0E-4C8A-A08B-AA971CCF7900}"
EndProject
Project("{FAE04EC0-301F-11D3-BF4B-00C04F79EFBC}") = "Tyuiu.RakhmatullinKK.Sprint0.Task3.V0", "Tyuiu.RakhmatullinKK.Sprint0.Task3.V0\Tyuiu.RakhmatullinKK.Sprint0.Task3.V0.csproj", "{A297C560-A2AC-461A-A2E5-B662ADDF7A7A}"
EndProject
Project("{2150E333-8FDC-42A3-9474-1A3956D46DE8}") = "Task4", "Task4", "{36487C72-D35E-46E0-B2AB-6DFBA13047C0}"
EndProject
Project("{FAE04EC0-301F-11D3-BF4B-00C04F79EFBC}") = "Tyuiu.RakhmatullinKK.Sprint0.Task4.V0", "Tyuiu.RakhmatullinKK.Sprint0.Task4.V0\Tyuiu.RakhmatullinKK.Sprint0.Task4.V0.csproj", "{66F6CEE8-E8C4-4133-92EE-A8FEA8BBE6BF}"
EndProject
Project("{FAE04EC0-301F-11D3-BF4B-00C04F79EFBC}") = "Tyuiu.RakhmatullinKK.Sprint0.Task4.V0.Test", "Tyuiu.RakhmatullinKK.Sprint0.Task4.V0.Test\Tyuiu.RakhmatullinKK.Sprint0.Task4.V0.Test.csproj", "{27C14BA4-EDBA-476D-AA6E-975C25D4A6D3}"
EndProject
Project("{FAE04EC0-301F-11D3-BF4B-00C04F79EFBC}") = "Tyuiu.RakhmatullinKK.Sprint0.Task4.V0.Lib", "Tyuiu.RakhmatullinKK.Sprint0.Task4.V0.Lib\Tyuiu.RakhmatullinKK.Sprint0.Task4.V0.Lib.csproj", "{13696965-3286-458E-8BB6-228F9B4AE9AA}"
EndProject
Global
	GlobalSection(SolutionConfigurationPlatforms) = preSolution
		Debug|Any CPU = Debug|Any CPU
		Release|Any CPU = Release|Any CPU
	EndGlobalSection
	GlobalSection(ProjectConfigurationPlatforms) = postSolution
		{5C4BB543-1DB6-44EB-8943-C3ABA66844FD}.Debug|Any CPU.ActiveCfg = Debug|Any CPU
		{5C4BB543-1DB6-44EB-8943-C3ABA66844FD}.Debug|Any CPU.Build.0 = Debug|Any CPU
		{5C4BB543-1DB6-44EB-8943-C3ABA66844FD}.Release|Any CPU.ActiveCfg = Release|Any CPU
		{5C4BB543-1DB6-44EB-8943-C3ABA66844FD}.Release|Any CPU.Build.0 = Release|Any CPU
		{3622BD82-B287-47EC-B0C4-5C4D2F930D1A}.Debug|Any CPU.ActiveCfg = Debug|Any CPU
		{3622BD82-B287-47EC-B0C4-5C4D2F930D1A}.Debug|Any CPU.Build.0 = Debug|Any CPU
		{3622BD82-B287-47EC-B0C4-5C4D2F930D1A}.Release|Any CPU.ActiveCfg = Release|Any CPU
		{3622BD82-B287-47EC-B0C4-5C4D2F930D1A}.Release|Any CPU.Build.0 = Release|Any CPU
		{B5B22840-B7F0-4A58-8193-1ACAF0B08FDF}.Debug|Any CPU.ActiveCfg = Debug|Any CPU
		{B5B22840-B7F0-4A58-8193-1ACAF0B08FDF}.Debug|Any CPU.Build.0 = Debug|Any CPU
		{B5B22840-B7F0-4A58-8193-1ACAF0B08FDF}.Release|Any CPU.ActiveCfg = Release|Any CPU
		{B5B22840-B7F0-4A58-8193-1ACAF0B08FDF}.Release|Any CPU.Build.0 = Release|Any CPU
		{A07D1873-B3FB-421C-950C-069BBE94ACB7}.Debug|Any CPU.ActiveCfg = Debug|Any CPU
		{A07D1873-B3FB-421C-950C-069BBE94ACB7}.Debug|Any CPU.Build.0 = Debug|Any CPU
		{A07D1873-B3FB-421C-950C-069BBE94ACB7}.Release|Any CPU.ActiveCfg = Release|Any CPU
		{A07D1873-B3FB-421C-950C-069BBE94ACB7}.Release|Any CPU.Build.0 = Release|Any CPU
		{1363E089-747A-4764-B024-FEEEA1C31EA5}.Debug|Any CPU.ActiveCfg = Debug|Any CPU
		{1363E089-747A-4764-B024-FEEEA1C31EA5}.Debug|Any CPU.Build.0 = Debug|Any CPU
		{1363E089-747A-4764-B024-FEEEA1C31EA5}.Release|Any CPU.ActiveCfg = Release|Any CPU
		{1363E089-747A-4764-B024-FEEEA1C31EA5}.Release|Any CPU.Build.0 = Release|Any CPU
		{4DEA6DFB-3092-4248-8FDA-C786DB75B836}.Debug|Any CPU.ActiveCfg = Debug|Any CPU
		{4DEA6DFB-3092-4248-8FDA-C786DB75B836}.Debug|Any CPU.Build.0 = Debug|Any CPU
		{4DEA6DFB-3092-4248-8FDA-C786DB75B836}.Release|Any CPU.ActiveCfg = Release|Any CPU
		{4DEA6DFB-3092-4248-8FDA-C786DB75B836}.Release|Any CPU.Build.0 = Release|Any CPU
		{F07FA359-BF0E-4C8A-A08B-AA971CCF7900}.Debug|Any CPU.ActiveCfg = Debug|Any CPU
		{F07FA359-BF0E-4C8A-A08B-AA971CCF7900}.Debug|Any CPU.Build.0 = Debug|Any CPU
		{F07FA359-BF0E-4C8A-A08B-AA971CCF7900}.Release|Any CPU.ActiveCfg = Release|Any CPU
		{F07FA359-BF0E-4C8A-A08B-AA971CCF7900}.Release|Any CPU.Build.0 = Release|Any CPU
		{A297C560-A2AC-461A-A2E5-B662ADDF7A7A}.Debug|Any CPU.ActiveCfg = Debug|Any CPU
		{A297C560-A2AC-461A-A2E5-B662ADDF7A7A}.Debug|Any CPU.Build.0 = Debug|Any CPU
		{A297C560-A2AC-461A-A2E5-B662ADDF7A7A}.Release|Any CPU.ActiveCfg = Release|Any CPU
		{A297C560-A2AC-461A-A2E5-B662ADDF7A7A}.Release|Any CPU.Build.0 = Release|Any CPU
		{66F6CEE8-E8C4-4133-92EE-A8FEA8BBE6BF}.Debug|Any CPU.ActiveCfg = Debug|Any CPU
		{66F6CEE8-E8C4-4133-92EE-A8FEA8BBE6BF}.Debug|Any CPU.Build.0 = Debug|Any CPU
		{66F6CEE8-E8C4-4133-92EE-A8FEA8BBE6BF}.Release|Any CPU.ActiveCfg = Release|Any CPU
		{66F6CEE8-E8C4-4133-92EE-A8FEA8BBE6BF}.Release|Any CPU.Build.0 = Release|Any CPU
		{27C14BA4-EDBA-476D-AA6E-975C25D4A6D3}.Debug|Any CPU.ActiveCfg = Debug|Any CPU
		{27C14BA4-EDBA-476D-AA6E-975C25D4A6D3}.Debug|Any CPU.Build.0 = Debug|Any CPU
		{27C14BA4-EDBA-476D-AA6E-975C25D4A6D3}.Release|Any CPU.ActiveCfg = Release|Any CPU
		{27C14BA4-EDBA-476D-AA6E-975C25D4A6D3}.Release|Any CPU.Build.0 = Release|Any CPU
		{13696965-3286-458E-8BB6-228F9B4AE9AA}.Debug|Any CPU.ActiveCfg = Debug|Any CPU
		{13696965-3286-458E-8BB6-228F9B4AE9AA}.Debug|Any CPU.Build.0 = Debug|Any CPU
		{13696965-3286-458E-8BB6-228F9B4AE9AA}.Release|Any CPU.ActiveCfg = Release|Any CPU
		{13696965-3286-458E-8BB6-228F9B4AE9AA}.Release|Any CPU.Build.0 = Release|Any CPU
	EndGlobalSection
	GlobalSection(SolutionProperties) = preSolution
		HideSolutionNode = FALSE
	EndGlobalSection
	GlobalSection(NestedProjects) = preSolution
		{5C4BB543-1DB6-44EB-8943-C3ABA66844FD} = {E3292F76-54E0-4101-9E3B-B418684E2740}
		{3622BD82-B287-47EC-B0C4-5C4D2F930D1A} = {4D4F1BC9-5825-4EB4-81F7-83DEF0DF0CB9}
		{B5B22840-B7F0-4A58-8193-1ACAF0B08FDF} = {1E0E77F2-9D58-47C5-9E03-5F084382C735}
		{A07D1873-B3FB-421C-950C-069BBE94ACB7} = {1E0E77F2-9D58-47C5-9E03-5F084382C735}
		{1363E089-747A-4764-B024-FEEEA1C31EA5} = {1E0E77F2-9D58-47C5-9E03-5F084382C735}
		{4DEA6DFB-3092-4248-8FDA-C786DB75B836} = {7FB58B97-F453-43C5-80D7-D3750891D8AA}
		{F07FA359-BF0E-4C8A-A08B-AA971CCF7900} = {7FB58B97-F453-43C5-80D7-D3750891D8AA}
		{A297C560-A2AC-461A-A2E5-B662ADDF7A7A} = {7FB58B97-F453-43C5-80D7-D3750891D8AA}
		{66F6CEE8-E8C4-4133-92EE-A8FEA8BBE6BF} = {36487C72-D35E-46E0-B2AB-6DFBA13047C0}
		{27C14BA4-EDBA-476D-AA6E-975C25D4A6D3} = {36487C72-D35E-46E0-B2AB-6DFBA13047C0}
		{13696965-3286-458E-8BB6-228F9B4AE9AA} = {36487C72-D35E-46E0-B2AB-6DFBA13047C0}
	EndGlobalSection
	GlobalSection(ExtensibilityGlobals) = postSolution
		SolutionGuid = {B4B30487-4639-43E3-B8AB-061BC9981760}
	EndGlobalSection
EndGlobal
